// !$*UTF8*$!
{
	archiveVersion = 1;
	classes = {
	};
	objectVersion = 46;
	objects = {

/* Begin PBXBuildFile section */
		0BF8DAE91B54DBCD0018D506 /* AppDelegate.swift in Sources */ = {isa = PBXBuildFile; fileRef = 0BF8DAE81B54DBCD0018D506 /* AppDelegate.swift */; };
		0BF8DAEB1B54DBCD0018D506 /* ViewController.swift in Sources */ = {isa = PBXBuildFile; fileRef = 0BF8DAEA1B54DBCD0018D506 /* ViewController.swift */; };
		0BF8DAEE1B54DBCD0018D506 /* Main.storyboard in Resources */ = {isa = PBXBuildFile; fileRef = 0BF8DAEC1B54DBCD0018D506 /* Main.storyboard */; };
		0BF8DAF01B54DBCD0018D506 /* Images.xcassets in Resources */ = {isa = PBXBuildFile; fileRef = 0BF8DAEF1B54DBCD0018D506 /* Images.xcassets */; };
		0BF8DAF31B54DBCD0018D506 /* LaunchScreen.xib in Resources */ = {isa = PBXBuildFile; fileRef = 0BF8DAF11B54DBCD0018D506 /* LaunchScreen.xib */; };
		0BF8DAFF1B54DBCD0018D506 /* FirstCommitTests.swift in Sources */ = {isa = PBXBuildFile; fileRef = 0BF8DAFE1B54DBCD0018D506 /* FirstCommitTests.swift */; };
/* End PBXBuildFile section */

/* Begin PBXContainerItemProxy section */
		0BF8DAF91B54DBCD0018D506 /* PBXContainerItemProxy */ = {
			isa = PBXContainerItemProxy;
			containerPortal = 0BF8DADB1B54DBCD0018D506 /* Project object */;
			proxyType = 1;
			remoteGlobalIDString = 0BF8DAE21B54DBCD0018D506;
			remoteInfo = FirstCommit;
		};
/* End PBXContainerItemProxy section */

/* Begin PBXFileReference section */
		0BF8DAE31B54DBCD0018D506 /* FirstCommit.app */ = {isa = PBXFileReference; explicitFileType = wrapper.application; includeInIndex = 0; path = FirstCommit.app; sourceTree = BUILT_PRODUCTS_DIR; };
		0BF8DAE71B54DBCD0018D506 /* Info.plist */ = {isa = PBXFileReference; lastKnownFileType = text.plist.xml; path = Info.plist; sourceTree = "<group>"; };
		0BF8DAE81B54DBCD0018D506 /* AppDelegate.swift */ = {isa = PBXFileReference; lastKnownFileType = sourcecode.swift; path = AppDelegate.swift; sourceTree = "<group>"; };
		0BF8DAEA1B54DBCD0018D506 /* ViewController.swift */ = {isa = PBXFileReference; lastKnownFileType = sourcecode.swift; path = ViewController.swift; sourceTree = "<group>"; };
		0BF8DAED1B54DBCD0018D506 /* Base */ = {isa = PBXFileReference; lastKnownFileType = file.storyboard; name = Base; path = Base.lproj/Main.storyboard; sourceTree = "<group>"; };
		0BF8DAEF1B54DBCD0018D506 /* Images.xcassets */ = {isa = PBXFileReference; lastKnownFileType = folder.assetcatalog; path = Images.xcassets; sourceTree = "<group>"; };
		0BF8DAF21B54DBCD0018D506 /* Base */ = {isa = PBXFileReference; lastKnownFileType = file.xib; name = Base; path = Base.lproj/LaunchScreen.xib; sourceTree = "<group>"; };
		0BF8DAF81B54DBCD0018D506 /* FirstCommitTests.xctest */ = {isa = PBXFileReference; explicitFileType = wrapper.cfbundle; includeInIndex = 0; path = FirstCommitTests.xctest; sourceTree = BUILT_PRODUCTS_DIR; };
		0BF8DAFD1B54DBCD0018D506 /* Info.plist */ = {isa = PBXFileReference; lastKnownFileType = text.plist.xml; path = Info.plist; sourceTree = "<group>"; };
		0BF8DAFE1B54DBCD0018D506 /* FirstCommitTests.swift */ = {isa = PBXFileReference; lastKnownFileType = sourcecode.swift; path = FirstCommitTests.swift; sourceTree = "<group>"; };
/* End PBXFileReference section */

/* Begin PBXFrameworksBuildPhase section */
		0BF8DAE01B54DBCD0018D506 /* Frameworks */ = {
			isa = PBXFrameworksBuildPhase;
			buildActionMask = 2147483647;
			files = (
			);
			runOnlyForDeploymentPostprocessing = 0;
		};
		0BF8DAF51B54DBCD0018D506 /* Frameworks */ = {
			isa = PBXFrameworksBuildPhase;
			buildActionMask = 2147483647;
			files = (
			);
			runOnlyForDeploymentPostprocessing = 0;
		};
/* End PBXFrameworksBuildPhase section */

/* Begin PBXGroup section */
		0BF8DADA1B54DBCD0018D506 = {
			isa = PBXGroup;
			children = (
				0BF8DAE51B54DBCD0018D506 /* FirstCommit */,
				0BF8DAFB1B54DBCD0018D506 /* FirstCommitTests */,
				0BF8DAE41B54DBCD0018D506 /* Products */,
			);
			sourceTree = "<group>";
		};
		0BF8DAE41B54DBCD0018D506 /* Products */ = {
			isa = PBXGroup;
			children = (
				0BF8DAE31B54DBCD0018D506 /* FirstCommit.app */,
				0BF8DAF81B54DBCD0018D506 /* FirstCommitTests.xctest */,
			);
			name = Products;
			sourceTree = "<group>";
		};
		0BF8DAE51B54DBCD0018D506 /* FirstCommit */ = {
			isa = PBXGroup;
			children = (
				0BF8DAE81B54DBCD0018D506 /* AppDelegate.swift */,
				0BF8DAEA1B54DBCD0018D506 /* ViewController.swift */,
				0BF8DAEC1B54DBCD0018D506 /* Main.storyboard */,
				0BF8DAEF1B54DBCD0018D506 /* Images.xcassets */,
				0BF8DAF11B54DBCD0018D506 /* LaunchScreen.xib */,
				0BF8DAE61B54DBCD0018D506 /* Supporting Files */,
			);
			path = FirstCommit;
			sourceTree = "<group>";
		};
		0BF8DAE61B54DBCD0018D506 /* Supporting Files */ = {
			isa = PBXGroup;
			children = (
				0BF8DAE71B54DBCD0018D506 /* Info.plist */,
			);
			name = "Supporting Files";
			sourceTree = "<group>";
		};
		0BF8DAFB1B54DBCD0018D506 /* FirstCommitTests */ = {
			isa = PBXGroup;
			children = (
				0BF8DAFE1B54DBCD0018D506 /* FirstCommitTests.swift */,
				0BF8DAFC1B54DBCD0018D506 /* Supporting Files */,
			);
			path = FirstCommitTests;
			sourceTree = "<group>";
		};
		0BF8DAFC1B54DBCD0018D506 /* Supporting Files */ = {
			isa = PBXGroup;
			children = (
				0BF8DAFD1B54DBCD0018D506 /* Info.plist */,
			);
			name = "Supporting Files";
			sourceTree = "<group>";
		};
/* End PBXGroup section */

/* Begin PBXNativeTarget section */
		0BF8DAE21B54DBCD0018D506 /* FirstCommit */ = {
			isa = PBXNativeTarget;
			buildConfigurationList = 0BF8DB021B54DBCD0018D506 /* Build configuration list for PBXNativeTarget "FirstCommit" */;
			buildPhases = (
				0BF8DADF1B54DBCD0018D506 /* Sources */,
				0BF8DAE01B54DBCD0018D506 /* Frameworks */,
				0BF8DAE11B54DBCD0018D506 /* Resources */,
			);
			buildRules = (
			);
			dependencies = (
			);
			name = FirstCommit;
			productName = FirstCommit;
			productReference = 0BF8DAE31B54DBCD0018D506 /* FirstCommit.app */;
			productType = "com.apple.product-type.application";
		};
		0BF8DAF71B54DBCD0018D506 /* FirstCommitTests */ = {
			isa = PBXNativeTarget;
			buildConfigurationList = 0BF8DB051B54DBCD0018D506 /* Build configuration list for PBXNativeTarget "FirstCommitTests" */;
			buildPhases = (
				0BF8DAF41B54DBCD0018D506 /* Sources */,
				0BF8DAF51B54DBCD0018D506 /* Frameworks */,
				0BF8DAF61B54DBCD0018D506 /* Resources */,
			);
			buildRules = (
			);
			dependencies = (
				0BF8DAFA1B54DBCD0018D506 /* PBXTargetDependency */,
			);
			name = FirstCommitTests;
			productName = FirstCommitTests;
			productReference = 0BF8DAF81B54DBCD0018D506 /* FirstCommitTests.xctest */;
			productType = "com.apple.product-type.bundle.unit-test";
		};
/* End PBXNativeTarget section */

/* Begin PBXProject section */
		0BF8DADB1B54DBCD0018D506 /* Project object */ = {
			isa = PBXProject;
			attributes = {
				LastUpgradeCheck = 0640;
				ORGANIZATIONNAME = "ShanghaiLuluyou-xuwenbo";
				TargetAttributes = {
					0BF8DAE21B54DBCD0018D506 = {
						CreatedOnToolsVersion = 6.4;
					};
					0BF8DAF71B54DBCD0018D506 = {
						CreatedOnToolsVersion = 6.4;
						TestTargetID = 0BF8DAE21B54DBCD0018D506;
					};
				};
			};
			buildConfigurationList = 0BF8DADE1B54DBCD0018D506 /* Build configuration list for PBXProject "FirstCommit" */;
			compatibilityVersion = "Xcode 3.2";
			developmentRegion = English;
			hasScannedForEncodings = 0;
			knownRegions = (
				en,
				Base,
			);
			mainGroup = 0BF8DADA1B54DBCD0018D506;
			productRefGroup = 0BF8DAE41B54DBCD0018D506 /* Products */;
			projectDirPath = "";
			projectRoot = "";
			targets = (
				0BF8DAE21B54DBCD0018D506 /* FirstCommit */,
				0BF8DAF71B54DBCD0018D506 /* FirstCommitTests */,
			);
		};
/* End PBXProject section */

/* Begin PBXResourcesBuildPhase section */
		0BF8DAE11B54DBCD0018D506 /* Resources */ = {
			isa = PBXResourcesBuildPhase;
			buildActionMask = 2147483647;
			files = (
				0BF8DAEE1B54DBCD0018D506 /* Main.storyboard in Resources */,
				0BF8DAF31B54DBCD0018D506 /* LaunchScreen.xib in Resources */,
				0BF8DAF01B54DBCD0018D506 /* Images.xcassets in Resources */,
			);
			runOnlyForDeploymentPostprocessing = 0;
		};
		0BF8DAF61B54DBCD0018D506 /* Resources */ = {
			isa = PBXResourcesBuildPhase;
			buildActionMask = 2147483647;
			files = (
			);
			runOnlyForDeploymentPostprocessing = 0;
		};
/* End PBXResourcesBuildPhase section */

/* Begin PBXSourcesBuildPhase section */
		0BF8DADF1B54DBCD0018D506 /* Sources */ = {
			isa = PBXSourcesBuildPhase;
			buildActionMask = 2147483647;
			files = (
				0BF8DAEB1B54DBCD0018D506 /* ViewController.swift in Sources */,
				0BF8DAE91B54DBCD0018D506 /* AppDelegate.swift in Sources */,
			);
			runOnlyForDeploymentPostprocessing = 0;
		};
		0BF8DAF41B54DBCD0018D506 /* Sources */ = {
			isa = PBXSourcesBuildPhase;
			buildActionMask = 2147483647;
			files = (
				0BF8DAFF1B54DBCD0018D506 /* FirstCommitTests.swift in Sources */,
			);
			runOnlyForDeploymentPostprocessing = 0;
		};
/* End PBXSourcesBuildPhase section */

/* Begin PBXTargetDependency section */
		0BF8DAFA1B54DBCD0018D506 /* PBXTargetDependency */ = {
			isa = PBXTargetDependency;
			target = 0BF8DAE21B54DBCD0018D506 /* FirstCommit */;
			targetProxy = 0BF8DAF91B54DBCD0018D506 /* PBXContainerItemProxy */;
		};
/* End PBXTargetDependency section */

/* Begin PBXVariantGroup section */
		0BF8DAEC1B54DBCD0018D506 /* Main.storyboard */ = {
			isa = PBXVariantGroup;
			children = (
				0BF8DAED1B54DBCD0018D506 /* Base */,
			);
			name = Main.storyboard;
			sourceTree = "<group>";
		};
		0BF8DAF11B54DBCD0018D506 /* LaunchScreen.xib */ = {
			isa = PBXVariantGroup;
			children = (
				0BF8DAF21B54DBCD0018D506 /* Base */,
			);
			name = LaunchScreen.xib;
			sourceTree = "<group>";
		};
/* End PBXVariantGroup section */

/* Begin XCBuildConfiguration section */
		0BF8DB001B54DBCD0018D506 /* Debug */ = {
			isa = XCBuildConfiguration;
			buildSettings = {
				ALWAYS_SEARCH_USER_PATHS = NO;
				CLANG_CXX_LANGUAGE_STANDARD = "gnu++0x";
				CLANG_CXX_LIBRARY = "libc++";
				CLANG_ENABLE_MODULES = YES;
				CLANG_ENABLE_OBJC_ARC = YES;
				CLANG_WARN_BOOL_CONVERSION = YES;
				CLANG_WARN_CONSTANT_CONVERSION = YES;
				CLANG_WARN_DIRECT_OBJC_ISA_USAGE = YES_ERROR;
				CLANG_WARN_EMPTY_BODY = YES;
				CLANG_WARN_ENUM_CONVERSION = YES;
				CLANG_WARN_INT_CONVERSION = YES;
				CLANG_WARN_OBJC_ROOT_CLASS = YES_ERROR;
				CLANG_WARN_UNREACHABLE_CODE = YES;
				CLANG_WARN__DUPLICATE_METHOD_MATCH = YES;
				"CODE_SIGN_IDENTITY[sdk=iphoneos*]" = "iPhone Developer";
				COPY_PHASE_STRIP = NO;
				DEBUG_INFORMATION_FORMAT = "dwarf-with-dsym";
				ENABLE_STRICT_OBJC_MSGSEND = YES;
				GCC_C_LANGUAGE_STANDARD = gnu99;
				GCC_DYNAMIC_NO_PIC = NO;
				GCC_NO_COMMON_BLOCKS = YES;
				GCC_OPTIMIZATION_LEVEL = 0;
				GCC_PREPROCESSOR_DEFINITIONS = (
					"DEBUG=1",
					"$(inherited)",
				);
				GCC_SYMBOLS_PRIVATE_EXTERN = NO;
				GCC_WARN_64_TO_32_BIT_CONVERSION = YES;
				GCC_WARN_ABOUT_RETURN_TYPE = YES_ERROR;
				GCC_WARN_UNDECLARED_SELECTOR = YES;
				GCC_WARN_UNINITIALIZED_AUTOS = YES_AGGRESSIVE;
				GCC_WARN_UNUSED_FUNCTION = YES;
				GCC_WARN_UNUSED_VARIABLE = YES;
				IPHONEOS_DEPLOYMENT_TARGET = 8.4;
				MTL_ENABLE_DEBUG_INFO = YES;
				ONLY_ACTIVE_ARCH = YES;
				SDKROOT = iphoneos;
				SWIFT_OPTIMIZATION_LEVEL = "-Onone";
				TARGETED_DEVICE_FAMILY = "1,2";
			};
			name = Debug;
		};
		0BF8DB011B54DBCD0018D506 /* Release */ = {
			isa = XCBuildConfiguration;
			buildSettings = {
				ALWAYS_SEARCH_USER_PATHS = NO;
				CLANG_CXX_LANGUAGE_STANDARD = "gnu++0x";
				CLANG_CXX_LIBRARY = "libc++";
				CLANG_ENABLE_MODULES = YES;
				CLANG_ENABLE_OBJC_ARC = YES;
				CLANG_WARN_BOOL_CONVERSION = YES;
				CLANG_WARN_CONSTANT_CONVERSION = YES;
				CLANG_WARN_DIRECT_OBJC_ISA_USAGE = YES_ERROR;
				CLANG_WARN_EMPTY_BODY = YES;
				CLANG_WARN_ENUM_CONVERSION = YES;
				CLANG_WARN_INT_CONVERSION = YES;
				CLANG_WARN_OBJC_ROOT_CLASS = YES_ERROR;
				CLANG_WARN_UNREACHABLE_CODE = YES;
				CLANG_WARN__DUPLICATE_METHOD_MATCH = YES;
				"CODE_SIGN_IDENTITY[sdk=iphoneos*]" = "iPhone Developer";
				COPY_PHASE_STRIP = NO;
				DEBUG_INFORMATION_FORMAT = "dwarf-with-dsym";
				ENABLE_NS_ASSERTIONS = NO;
				ENABLE_STRICT_OBJC_MSGSEND = YES;
				GCC_C_LANGUAGE_STANDARD = gnu99;
				GCC_NO_COMMON_BLOCKS = YES;
				GCC_WARN_64_TO_32_BIT_CONVERSION = YES;
				GCC_WARN_ABOUT_RETURN_TYPE = YES_ERROR;
				GCC_WARN_UNDECLARED_SELECTOR = YES;
				GCC_WARN_UNINITIALIZED_AUTOS = YES_AGGRESSIVE;
				GCC_WARN_UNUSED_FUNCTION = YES;
				GCC_WARN_UNUSED_VARIABLE = YES;
				IPHONEOS_DEPLOYMENT_TARGET = 8.4;
				MTL_ENABLE_DEBUG_INFO = NO;
				SDKROOT = iphoneos;
				TARGETED_DEVICE_FAMILY = "1,2";
				VALIDATE_PRODUCT = YES;
			};
			name = Release;
		};
		0BF8DB031B54DBCD0018D506 /* Debug */ = {
			isa = XCBuildConfiguration;
			buildSettings = {
				ASSETCATALOG_COMPILER_APPICON_NAME = AppIcon;
				INFOPLIST_FILE = FirstCommit/Info.plist;
				LD_RUNPATH_SEARCH_PATHS = "$(inherited) @executable_path/Frameworks";
				PRODUCT_NAME = "$(TARGET_NAME)";
			};
			name = Debug;
		};
		0BF8DB041B54DBCD0018D506 /* Release */ = {
			isa = XCBuildConfiguration;
			buildSettings = {
				ASSETCATALOG_COMPILER_APPICON_NAME = AppIcon;
				INFOPLIST_FILE = FirstCommit/Info.plist;
				LD_RUNPATH_SEARCH_PATHS = "$(inherited) @executable_path/Frameworks";
				PRODUCT_NAME = "$(TARGET_NAME)";
			};
			name = Release;
		};
		0BF8DB061B54DBCD0018D506 /* Debug */ = {
			isa = XCBuildConfiguration;
			buildSettings = {
				BUNDLE_LOADER = "$(TEST_HOST)";
				FRAMEWORK_SEARCH_PATHS = (
					"$(SDKROOT)/Developer/Library/Frameworks",
					"$(inherited)",
				);
				GCC_PREPROCESSOR_DEFINITIONS = (
					"DEBUG=1",
					"$(inherited)",
				);
				INFOPLIST_FILE = FirstCommitTests/Info.plist;
				LD_RUNPATH_SEARCH_PATHS = "$(inherited) @executable_path/Frameworks @loader_path/Frameworks";
				PRODUCT_NAME = "$(TARGET_NAME)";
				TEST_HOST = "$(BUILT_PRODUCTS_DIR)/FirstCommit.app/FirstCommit";
			};
			name = Debug;
		};
		0BF8DB071B54DBCD0018D506 /* Release */ = {
			isa = XCBuildConfiguration;
			buildSettings = {
				BUNDLE_LOADER = "$(TEST_HOST)";
				FRAMEWORK_SEARCH_PATHS = (
					"$(SDKROOT)/Developer/Library/Frameworks",
					"$(inherited)",
				);
				INFOPLIST_FILE = FirstCommitTests/Info.plist;
				LD_RUNPATH_SEARCH_PATHS = "$(inherited) @executable_path/Frameworks @loader_path/Frameworks";
				PRODUCT_NAME = "$(TARGET_NAME)";
				TEST_HOST = "$(BUILT_PRODUCTS_DIR)/FirstCommit.app/FirstCommit";
			};
			name = Release;
		};
/* End XCBuildConfiguration section */

/* Begin XCConfigurationList section */
		0BF8DADE1B54DBCD0018D506 /* Build configuration list for PBXProject "FirstCommit" */ = {
			isa = XCConfigurationList;
			buildConfigurations = (
				0BF8DB001B54DBCD0018D506 /* Debug */,
				0BF8DB011B54DBCD0018D506 /* Release */,
			);
			defaultConfigurationIsVisible = 0;
			defaultConfigurationName = Release;
		};
		0BF8DB021B54DBCD0018D506 /* Build configuration list for PBXNativeTarget "FirstCommit" */ = {
			isa = XCConfigurationList;
			buildConfigurations = (
				0BF8DB031B54DBCD0018D506 /* Debug */,
				0BF8DB041B54DBCD0018D506 /* Release */,
			);
			defaultConfigurationIsVisible = 0;
		};
		0BF8DB051B54DBCD0018D506 /* Build configuration list for PBXNativeTarget "FirstCommitTests" */ = {
			isa = XCConfigurationList;
			buildConfigurations = (
				0BF8DB061B54DBCD0018D506 /* Debug */,
				0BF8DB071B54DBCD0018D506 /* Release */,
			);
			defaultConfigurationIsVisible = 0;
		};
/* End XCConfigurationList section */
	};
	rootObject = 0BF8DADB1B54DBCD0018D506 /* Project object */;
}
